
Microsoft Visual Studio Solution File, Format Version 12.00
Project("{FAE04EC0-301F-11D3-BF4B-00C04F79EFBC}") = "MonitorHandler", "MonitorHandler\MonitorHandler.csproj", "{F7CB2895-0C54-4856-99FE-CF7616F57196}"
EndProject
Project("{2150E333-8FDC-42A3-9474-1A3956D46DE8}") = "Solution Items", "Solution Items", "{7CB96774-58D7-4337-9B5C-E24F5F01BE43}"
	ProjectSection(SolutionItems) = preProject
		compose.yaml = compose.yaml
	EndProjectSection
EndProject
Project("{FAE04EC0-301F-11D3-BF4B-00C04F79EFBC}") = "Database", "Database\Database.csproj", "{FDAC23A3-E160-4345-8D64-9E2D06A498F6}"
EndProject
Project("{FAE04EC0-301F-11D3-BF4B-00C04F79EFBC}") = "ViewTelegramBot", "ViewTelegramBot\ViewTelegramBot.csproj", "{F0752E36-95B0-4842-AC99-AB61270884D3}"
EndProject
Global
	GlobalSection(SolutionConfigurationPlatforms) = preSolution
		Debug|Any CPU = Debug|Any CPU
		Release|Any CPU = Release|Any CPU
	EndGlobalSection
	GlobalSection(ProjectConfigurationPlatforms) = postSolution
		{F7CB2895-0C54-4856-99FE-CF7616F57196}.Debug|Any CPU.ActiveCfg = Debug|Any CPU
		{F7CB2895-0C54-4856-99FE-CF7616F57196}.Debug|Any CPU.Build.0 = Debug|Any CPU
		{F7CB2895-0C54-4856-99FE-CF7616F57196}.Release|Any CPU.ActiveCfg = Release|Any CPU
		{F7CB2895-0C54-4856-99FE-CF7616F57196}.Release|Any CPU.Build.0 = Release|Any CPU
		{FDAC23A3-E160-4345-8D64-9E2D06A498F6}.Debug|Any CPU.ActiveCfg = Debug|Any CPU
		{FDAC23A3-E160-4345-8D64-9E2D06A498F6}.Debug|Any CPU.Build.0 = Debug|Any CPU
		{FDAC23A3-E160-4345-8D64-9E2D06A498F6}.Release|Any CPU.ActiveCfg = Release|Any CPU
		{FDAC23A3-E160-4345-8D64-9E2D06A498F6}.Release|Any CPU.Build.0 = Release|Any CPU
		{F0752E36-95B0-4842-AC99-AB61270884D3}.Debug|Any CPU.ActiveCfg = Debug|Any CPU
		{F0752E36-95B0-4842-AC99-AB61270884D3}.Debug|Any CPU.Build.0 = Debug|Any CPU
		{F0752E36-95B0-4842-AC99-AB61270884D3}.Release|Any CPU.ActiveCfg = Release|Any CPU
		{F0752E36-95B0-4842-AC99-AB61270884D3}.Release|Any CPU.Build.0 = Release|Any CPU
	EndGlobalSection
EndGlobal
